
Microsoft Visual Studio Solution File, Format Version 12.00
# Visual Studio 15
VisualStudioVersion = 15.0.27130.2036
MinimumVisualStudioVersion = 10.0.40219.1
Project("{FAE04EC0-301F-11D3-BF4B-00C04F79EFBC}") = "VelibGUIClient", "VelibGUIClient\VelibGUIClient.csproj", "{83830AD9-E18C-480E-8DCA-6350F1EF72A0}"
EndProject
Global
	GlobalSection(SolutionConfigurationPlatforms) = preSolution
		Debug|Any CPU = Debug|Any CPU
		Release|Any CPU = Release|Any CPU
	EndGlobalSection
	GlobalSection(ProjectConfigurationPlatforms) = postSolution
		{83830AD9-E18C-480E-8DCA-6350F1EF72A0}.Debug|Any CPU.ActiveCfg = Debug|Any CPU
		{83830AD9-E18C-480E-8DCA-6350F1EF72A0}.Debug|Any CPU.Build.0 = Debug|Any CPU
		{83830AD9-E18C-480E-8DCA-6350F1EF72A0}.Release|Any CPU.ActiveCfg = Release|Any CPU
		{83830AD9-E18C-480E-8DCA-6350F1EF72A0}.Release|Any CPU.Build.0 = Release|Any CPU
	EndGlobalSection
	GlobalSection(SolutionProperties) = preSolution
		HideSolutionNode = FALSE
	EndGlobalSection
	GlobalSection(ExtensibilityGlobals) = postSolution
		SolutionGuid = {0BF063A9-BE78-484A-BF99-10200DD99840}
	EndGlobalSection
EndGlobal
