
Microsoft Visual Studio Solution File, Format Version 12.00
# Visual Studio 15
VisualStudioVersion = 15.0.27130.2036
MinimumVisualStudioVersion = 10.0.40219.1
Project("{FAE04EC0-301F-11D3-BF4B-00C04F79EFBC}") = "clientMonitoring", "clientMonitoring\clientMonitoring.csproj", "{46DBA19A-E72B-49AF-A46B-1722FA61CDCB}"
EndProject
Global
	GlobalSection(SolutionConfigurationPlatforms) = preSolution
		Debug|Any CPU = Debug|Any CPU
		Release|Any CPU = Release|Any CPU
	EndGlobalSection
	GlobalSection(ProjectConfigurationPlatforms) = postSolution
		{46DBA19A-E72B-49AF-A46B-1722FA61CDCB}.Debug|Any CPU.ActiveCfg = Debug|Any CPU
		{46DBA19A-E72B-49AF-A46B-1722FA61CDCB}.Debug|Any CPU.Build.0 = Debug|Any CPU
		{46DBA19A-E72B-49AF-A46B-1722FA61CDCB}.Release|Any CPU.ActiveCfg = Release|Any CPU
		{46DBA19A-E72B-49AF-A46B-1722FA61CDCB}.Release|Any CPU.Build.0 = Release|Any CPU
	EndGlobalSection
	GlobalSection(SolutionProperties) = preSolution
		HideSolutionNode = FALSE
	EndGlobalSection
	GlobalSection(ExtensibilityGlobals) = postSolution
		SolutionGuid = {F8CF1642-3525-4443-9063-E2D73561C727}
	EndGlobalSection
EndGlobal
