
Microsoft Visual Studio Solution File, Format Version 12.00
# Visual Studio 15
VisualStudioVersion = 15.0.27130.2036
MinimumVisualStudioVersion = 10.0.40219.1
Project("{FAE04EC0-301F-11D3-BF4B-00C04F79EFBC}") = "clientConsole", "clientConsole\clientConsole.csproj", "{57C67FB8-ED72-441D-9B56-BA0D217C9A95}"
EndProject
Global
	GlobalSection(SolutionConfigurationPlatforms) = preSolution
		Debug|Any CPU = Debug|Any CPU
		Release|Any CPU = Release|Any CPU
	EndGlobalSection
	GlobalSection(ProjectConfigurationPlatforms) = postSolution
		{57C67FB8-ED72-441D-9B56-BA0D217C9A95}.Debug|Any CPU.ActiveCfg = Debug|Any CPU
		{57C67FB8-ED72-441D-9B56-BA0D217C9A95}.Debug|Any CPU.Build.0 = Debug|Any CPU
		{57C67FB8-ED72-441D-9B56-BA0D217C9A95}.Release|Any CPU.ActiveCfg = Release|Any CPU
		{57C67FB8-ED72-441D-9B56-BA0D217C9A95}.Release|Any CPU.Build.0 = Release|Any CPU
	EndGlobalSection
	GlobalSection(SolutionProperties) = preSolution
		HideSolutionNode = FALSE
	EndGlobalSection
	GlobalSection(ExtensibilityGlobals) = postSolution
		SolutionGuid = {49957B1D-5FDC-4423-AC25-FB00C86AA28A}
	EndGlobalSection
EndGlobal
